// !$*UTF8*$!
{
	archiveVersion = 1;
	classes = {
	};
	objectVersion = 55;
	objects = {

/* Begin PBXBuildFile section */
		C17B28CD2A0CE62300C658F1 /* DinnerAppApp.swift in Sources */ = {isa = PBXBuildFile; fileRef = C17B28CC2A0CE62300C658F1 /* DinnerAppApp.swift */; };
		C17B28CF2A0CE62300C658F1 /* ContentView.swift in Sources */ = {isa = PBXBuildFile; fileRef = C17B28CE2A0CE62300C658F1 /* ContentView.swift */; };
		C17B28D12A0CE62700C658F1 /* Assets.xcassets in Resources */ = {isa = PBXBuildFile; fileRef = C17B28D02A0CE62700C658F1 /* Assets.xcassets */; };
		C17B28D42A0CE62700C658F1 /* Preview Assets.xcassets in Resources */ = {isa = PBXBuildFile; fileRef = C17B28D32A0CE62700C658F1 /* Preview Assets.xcassets */; };
		C17B28DE2A0CE62800C658F1 /* DinnerAppTests.swift in Sources */ = {isa = PBXBuildFile; fileRef = C17B28DD2A0CE62800C658F1 /* DinnerAppTests.swift */; };
		C17B28E82A0CE62800C658F1 /* DinnerAppUITests.swift in Sources */ = {isa = PBXBuildFile; fileRef = C17B28E72A0CE62800C658F1 /* DinnerAppUITests.swift */; };
		C17B28EA2A0CE62800C658F1 /* DinnerAppUITestsLaunchTests.swift in Sources */ = {isa = PBXBuildFile; fileRef = C17B28E92A0CE62800C658F1 /* DinnerAppUITestsLaunchTests.swift */; };
/* End PBXBuildFile section */

/* Begin PBXContainerItemProxy section */
		C17B28DA2A0CE62800C658F1 /* PBXContainerItemProxy */ = {
			isa = PBXContainerItemProxy;
			containerPortal = C17B28C12A0CE62300C658F1 /* Project object */;
			proxyType = 1;
			remoteGlobalIDString = C17B28C82A0CE62300C658F1;
			remoteInfo = DinnerApp;
		};
		C17B28E42A0CE62800C658F1 /* PBXContainerItemProxy */ = {
			isa = PBXContainerItemProxy;
			containerPortal = C17B28C12A0CE62300C658F1 /* Project object */;
			proxyType = 1;
			remoteGlobalIDString = C17B28C82A0CE62300C658F1;
			remoteInfo = DinnerApp;
		};
/* End PBXContainerItemProxy section */

/* Begin PBXFileReference section */
		C17B28C92A0CE62300C658F1 /* DinnerApp.app */ = {isa = PBXFileReference; explicitFileType = wrapper.application; includeInIndex = 0; path = DinnerApp.app; sourceTree = BUILT_PRODUCTS_DIR; };
		C17B28CC2A0CE62300C658F1 /* DinnerAppApp.swift */ = {isa = PBXFileReference; lastKnownFileType = sourcecode.swift; path = DinnerAppApp.swift; sourceTree = "<group>"; };
		C17B28CE2A0CE62300C658F1 /* ContentView.swift */ = {isa = PBXFileReference; lastKnownFileType = sourcecode.swift; path = ContentView.swift; sourceTree = "<group>"; };
		C17B28D02A0CE62700C658F1 /* Assets.xcassets */ = {isa = PBXFileReference; lastKnownFileType = folder.assetcatalog; path = Assets.xcassets; sourceTree = "<group>"; };
		C17B28D32A0CE62700C658F1 /* Preview Assets.xcassets */ = {isa = PBXFileReference; lastKnownFileType = folder.assetcatalog; path = "Preview Assets.xcassets"; sourceTree = "<group>"; };
		C17B28D92A0CE62800C658F1 /* DinnerAppTests.xctest */ = {isa = PBXFileReference; explicitFileType = wrapper.cfbundle; includeInIndex = 0; path = DinnerAppTests.xctest; sourceTree = BUILT_PRODUCTS_DIR; };
		C17B28DD2A0CE62800C658F1 /* DinnerAppTests.swift */ = {isa = PBXFileReference; lastKnownFileType = sourcecode.swift; path = DinnerAppTests.swift; sourceTree = "<group>"; };
		C17B28E32A0CE62800C658F1 /* DinnerAppUITests.xctest */ = {isa = PBXFileReference; explicitFileType = wrapper.cfbundle; includeInIndex = 0; path = DinnerAppUITests.xctest; sourceTree = BUILT_PRODUCTS_DIR; };
		C17B28E72A0CE62800C658F1 /* DinnerAppUITests.swift */ = {isa = PBXFileReference; lastKnownFileType = sourcecode.swift; path = DinnerAppUITests.swift; sourceTree = "<group>"; };
		C17B28E92A0CE62800C658F1 /* DinnerAppUITestsLaunchTests.swift */ = {isa = PBXFileReference; lastKnownFileType = sourcecode.swift; path = DinnerAppUITestsLaunchTests.swift; sourceTree = "<group>"; };
/* End PBXFileReference section */

/* Begin PBXFrameworksBuildPhase section */
		C17B28C62A0CE62300C658F1 /* Frameworks */ = {
			isa = PBXFrameworksBuildPhase;
			buildActionMask = 2147483647;
			files = (
			);
			runOnlyForDeploymentPostprocessing = 0;
		};
		C17B28D62A0CE62800C658F1 /* Frameworks */ = {
			isa = PBXFrameworksBuildPhase;
			buildActionMask = 2147483647;
			files = (
			);
			runOnlyForDeploymentPostprocessing = 0;
		};
		C17B28E02A0CE62800C658F1 /* Frameworks */ = {
			isa = PBXFrameworksBuildPhase;
			buildActionMask = 2147483647;
			files = (
			);
			runOnlyForDeploymentPostprocessing = 0;
		};
/* End PBXFrameworksBuildPhase section */

/* Begin PBXGroup section */
		C17B28C02A0CE62300C658F1 = {
			isa = PBXGroup;
			children = (
				C17B28CB2A0CE62300C658F1 /* DinnerApp */,
				C17B28DC2A0CE62800C658F1 /* DinnerAppTests */,
				C17B28E62A0CE62800C658F1 /* DinnerAppUITests */,
				C17B28CA2A0CE62300C658F1 /* Products */,
			);
			sourceTree = "<group>";
		};
		C17B28CA2A0CE62300C658F1 /* Products */ = {
			isa = PBXGroup;
			children = (
				C17B28C92A0CE62300C658F1 /* DinnerApp.app */,
				C17B28D92A0CE62800C658F1 /* DinnerAppTests.xctest */,
				C17B28E32A0CE62800C658F1 /* DinnerAppUITests.xctest */,
			);
			name = Products;
			sourceTree = "<group>";
		};
		C17B28CB2A0CE62300C658F1 /* DinnerApp */ = {
			isa = PBXGroup;
			children = (
				C17B28CC2A0CE62300C658F1 /* DinnerAppApp.swift */,
				C17B28CE2A0CE62300C658F1 /* ContentView.swift */,
				C17B28D02A0CE62700C658F1 /* Assets.xcassets */,
				C17B28D22A0CE62700C658F1 /* Preview Content */,
			);
			path = DinnerApp;
			sourceTree = "<group>";
		};
		C17B28D22A0CE62700C658F1 /* Preview Content */ = {
			isa = PBXGroup;
			children = (
				C17B28D32A0CE62700C658F1 /* Preview Assets.xcassets */,
			);
			path = "Preview Content";
			sourceTree = "<group>";
		};
		C17B28DC2A0CE62800C658F1 /* DinnerAppTests */ = {
			isa = PBXGroup;
			children = (
				C17B28DD2A0CE62800C658F1 /* DinnerAppTests.swift */,
			);
			path = DinnerAppTests;
			sourceTree = "<group>";
		};
		C17B28E62A0CE62800C658F1 /* DinnerAppUITests */ = {
			isa = PBXGroup;
			children = (
				C17B28E72A0CE62800C658F1 /* DinnerAppUITests.swift */,
				C17B28E92A0CE62800C658F1 /* DinnerAppUITestsLaunchTests.swift */,
			);
			path = DinnerAppUITests;
			sourceTree = "<group>";
		};
/* End PBXGroup section */

/* Begin PBXNativeTarget section */
		C17B28C82A0CE62300C658F1 /* DinnerApp */ = {
			isa = PBXNativeTarget;
			buildConfigurationList = C17B28ED2A0CE62800C658F1 /* Build configuration list for PBXNativeTarget "DinnerApp" */;
			buildPhases = (
				C17B28C52A0CE62300C658F1 /* Sources */,
				C17B28C62A0CE62300C658F1 /* Frameworks */,
				C17B28C72A0CE62300C658F1 /* Resources */,
			);
			buildRules = (
			);
			dependencies = (
			);
			name = DinnerApp;
			productName = DinnerApp;
			productReference = C17B28C92A0CE62300C658F1 /* DinnerApp.app */;
			productType = "com.apple.product-type.application";
		};
		C17B28D82A0CE62800C658F1 /* DinnerAppTests */ = {
			isa = PBXNativeTarget;
			buildConfigurationList = C17B28F02A0CE62800C658F1 /* Build configuration list for PBXNativeTarget "DinnerAppTests" */;
			buildPhases = (
				C17B28D52A0CE62800C658F1 /* Sources */,
				C17B28D62A0CE62800C658F1 /* Frameworks */,
				C17B28D72A0CE62800C658F1 /* Resources */,
			);
			buildRules = (
			);
			dependencies = (
				C17B28DB2A0CE62800C658F1 /* PBXTargetDependency */,
			);
			name = DinnerAppTests;
			productName = DinnerAppTests;
			productReference = C17B28D92A0CE62800C658F1 /* DinnerAppTests.xctest */;
			productType = "com.apple.product-type.bundle.unit-test";
		};
		C17B28E22A0CE62800C658F1 /* DinnerAppUITests */ = {
			isa = PBXNativeTarget;
			buildConfigurationList = C17B28F32A0CE62800C658F1 /* Build configuration list for PBXNativeTarget "DinnerAppUITests" */;
			buildPhases = (
				C17B28DF2A0CE62800C658F1 /* Sources */,
				C17B28E02A0CE62800C658F1 /* Frameworks */,
				C17B28E12A0CE62800C658F1 /* Resources */,
			);
			buildRules = (
			);
			dependencies = (
				C17B28E52A0CE62800C658F1 /* PBXTargetDependency */,
			);
			name = DinnerAppUITests;
			productName = DinnerAppUITests;
			productReference = C17B28E32A0CE62800C658F1 /* DinnerAppUITests.xctest */;
			productType = "com.apple.product-type.bundle.ui-testing";
		};
/* End PBXNativeTarget section */

/* Begin PBXProject section */
		C17B28C12A0CE62300C658F1 /* Project object */ = {
			isa = PBXProject;
			attributes = {
				BuildIndependentTargetsInParallel = 1;
				LastSwiftUpdateCheck = 1330;
				LastUpgradeCheck = 1330;
				TargetAttributes = {
					C17B28C82A0CE62300C658F1 = {
						CreatedOnToolsVersion = 13.3;
					};
					C17B28D82A0CE62800C658F1 = {
						CreatedOnToolsVersion = 13.3;
						TestTargetID = C17B28C82A0CE62300C658F1;
					};
					C17B28E22A0CE62800C658F1 = {
						CreatedOnToolsVersion = 13.3;
						TestTargetID = C17B28C82A0CE62300C658F1;
					};
				};
			};
			buildConfigurationList = C17B28C42A0CE62300C658F1 /* Build configuration list for PBXProject "DinnerApp" */;
			compatibilityVersion = "Xcode 13.0";
			developmentRegion = en;
			hasScannedForEncodings = 0;
			knownRegions = (
				en,
				Base,
			);
			mainGroup = C17B28C02A0CE62300C658F1;
			productRefGroup = C17B28CA2A0CE62300C658F1 /* Products */;
			projectDirPath = "";
			projectRoot = "";
			targets = (
				C17B28C82A0CE62300C658F1 /* DinnerApp */,
				C17B28D82A0CE62800C658F1 /* DinnerAppTests */,
				C17B28E22A0CE62800C658F1 /* DinnerAppUITests */,
			);
		};
/* End PBXProject section */

/* Begin PBXResourcesBuildPhase section */
		C17B28C72A0CE62300C658F1 /* Resources */ = {
			isa = PBXResourcesBuildPhase;
			buildActionMask = 2147483647;
			files = (
				C17B28D42A0CE62700C658F1 /* Preview Assets.xcassets in Resources */,
				C17B28D12A0CE62700C658F1 /* Assets.xcassets in Resources */,
			);
			runOnlyForDeploymentPostprocessing = 0;
		};
		C17B28D72A0CE62800C658F1 /* Resources */ = {
			isa = PBXResourcesBuildPhase;
			buildActionMask = 2147483647;
			files = (
			);
			runOnlyForDeploymentPostprocessing = 0;
		};
		C17B28E12A0CE62800C658F1 /* Resources */ = {
			isa = PBXResourcesBuildPhase;
			buildActionMask = 2147483647;
			files = (
			);
			runOnlyForDeploymentPostprocessing = 0;
		};
/* End PBXResourcesBuildPhase section */

/* Begin PBXSourcesBuildPhase section */
		C17B28C52A0CE62300C658F1 /* Sources */ = {
			isa = PBXSourcesBuildPhase;
			buildActionMask = 2147483647;
			files = (
				C17B28CF2A0CE62300C658F1 /* ContentView.swift in Sources */,
				C17B28CD2A0CE62300C658F1 /* DinnerAppApp.swift in Sources */,
			);
			runOnlyForDeploymentPostprocessing = 0;
		};
		C17B28D52A0CE62800C658F1 /* Sources */ = {
			isa = PBXSourcesBuildPhase;
			buildActionMask = 2147483647;
			files = (
				C17B28DE2A0CE62800C658F1 /* DinnerAppTests.swift in Sources */,
			);
			runOnlyForDeploymentPostprocessing = 0;
		};
		C17B28DF2A0CE62800C658F1 /* Sources */ = {
			isa = PBXSourcesBuildPhase;
			buildActionMask = 2147483647;
			files = (
				C17B28EA2A0CE62800C658F1 /* DinnerAppUITestsLaunchTests.swift in Sources */,
				C17B28E82A0CE62800C658F1 /* DinnerAppUITests.swift in Sources */,
			);
			runOnlyForDeploymentPostprocessing = 0;
		};
/* End PBXSourcesBuildPhase section */

/* Begin PBXTargetDependency section */
		C17B28DB2A0CE62800C658F1 /* PBXTargetDependency */ = {
			isa = PBXTargetDependency;
			target = C17B28C82A0CE62300C658F1 /* DinnerApp */;
			targetProxy = C17B28DA2A0CE62800C658F1 /* PBXContainerItemProxy */;
		};
		C17B28E52A0CE62800C658F1 /* PBXTargetDependency */ = {
			isa = PBXTargetDependency;
			target = C17B28C82A0CE62300C658F1 /* DinnerApp */;
			targetProxy = C17B28E42A0CE62800C658F1 /* PBXContainerItemProxy */;
		};
/* End PBXTargetDependency section */

/* Begin XCBuildConfiguration section */
		C17B28EB2A0CE62800C658F1 /* Debug */ = {
			isa = XCBuildConfiguration;
			buildSettings = {
				ALWAYS_SEARCH_USER_PATHS = NO;
				CLANG_ANALYZER_NONNULL = YES;
				CLANG_ANALYZER_NUMBER_OBJECT_CONVERSION = YES_AGGRESSIVE;
				CLANG_CXX_LANGUAGE_STANDARD = "gnu++17";
				CLANG_ENABLE_MODULES = YES;
				CLANG_ENABLE_OBJC_ARC = YES;
				CLANG_ENABLE_OBJC_WEAK = YES;
				CLANG_WARN_BLOCK_CAPTURE_AUTORELEASING = YES;
				CLANG_WARN_BOOL_CONVERSION = YES;
				CLANG_WARN_COMMA = YES;
				CLANG_WARN_CONSTANT_CONVERSION = YES;
				CLANG_WARN_DEPRECATED_OBJC_IMPLEMENTATIONS = YES;
				CLANG_WARN_DIRECT_OBJC_ISA_USAGE = YES_ERROR;
				CLANG_WARN_DOCUMENTATION_COMMENTS = YES;
				CLANG_WARN_EMPTY_BODY = YES;
				CLANG_WARN_ENUM_CONVERSION = YES;
				CLANG_WARN_INFINITE_RECURSION = YES;
				CLANG_WARN_INT_CONVERSION = YES;
				CLANG_WARN_NON_LITERAL_NULL_CONVERSION = YES;
				CLANG_WARN_OBJC_IMPLICIT_RETAIN_SELF = YES;
				CLANG_WARN_OBJC_LITERAL_CONVERSION = YES;
				CLANG_WARN_OBJC_ROOT_CLASS = YES_ERROR;
				CLANG_WARN_QUOTED_INCLUDE_IN_FRAMEWORK_HEADER = YES;
				CLANG_WARN_RANGE_LOOP_ANALYSIS = YES;
				CLANG_WARN_STRICT_PROTOTYPES = YES;
				CLANG_WARN_SUSPICIOUS_MOVE = YES;
				CLANG_WARN_UNGUARDED_AVAILABILITY = YES_AGGRESSIVE;
				CLANG_WARN_UNREACHABLE_CODE = YES;
				CLANG_WARN__DUPLICATE_METHOD_MATCH = YES;
				COPY_PHASE_STRIP = NO;
				DEBUG_INFORMATION_FORMAT = dwarf;
				ENABLE_STRICT_OBJC_MSGSEND = YES;
				ENABLE_TESTABILITY = YES;
				GCC_C_LANGUAGE_STANDARD = gnu11;
				GCC_DYNAMIC_NO_PIC = NO;
				GCC_NO_COMMON_BLOCKS = YES;
				GCC_OPTIMIZATION_LEVEL = 0;
				GCC_PREPROCESSOR_DEFINITIONS = (
					"DEBUG=1",
					"$(inherited)",
				);
				GCC_WARN_64_TO_32_BIT_CONVERSION = YES;
				GCC_WARN_ABOUT_RETURN_TYPE = YES_ERROR;
				GCC_WARN_UNDECLARED_SELECTOR = YES;
				GCC_WARN_UNINITIALIZED_AUTOS = YES_AGGRESSIVE;
				GCC_WARN_UNUSED_FUNCTION = YES;
				GCC_WARN_UNUSED_VARIABLE = YES;
				IPHONEOS_DEPLOYMENT_TARGET = 15.4;
				MTL_ENABLE_DEBUG_INFO = INCLUDE_SOURCE;
				MTL_FAST_MATH = YES;
				ONLY_ACTIVE_ARCH = YES;
				SDKROOT = iphoneos;
				SWIFT_ACTIVE_COMPILATION_CONDITIONS = DEBUG;
				SWIFT_OPTIMIZATION_LEVEL = "-Onone";
			};
			name = Debug;
		};
		C17B28EC2A0CE62800C658F1 /* Release */ = {
			isa = XCBuildConfiguration;
			buildSettings = {
				ALWAYS_SEARCH_USER_PATHS = NO;
				CLANG_ANALYZER_NONNULL = YES;
				CLANG_ANALYZER_NUMBER_OBJECT_CONVERSION = YES_AGGRESSIVE;
				CLANG_CXX_LANGUAGE_STANDARD = "gnu++17";
				CLANG_ENABLE_MODULES = YES;
				CLANG_ENABLE_OBJC_ARC = YES;
				CLANG_ENABLE_OBJC_WEAK = YES;
				CLANG_WARN_BLOCK_CAPTURE_AUTORELEASING = YES;
				CLANG_WARN_BOOL_CONVERSION = YES;
				CLANG_WARN_COMMA = YES;
				CLANG_WARN_CONSTANT_CONVERSION = YES;
				CLANG_WARN_DEPRECATED_OBJC_IMPLEMENTATIONS = YES;
				CLANG_WARN_DIRECT_OBJC_ISA_USAGE = YES_ERROR;
				CLANG_WARN_DOCUMENTATION_COMMENTS = YES;
				CLANG_WARN_EMPTY_BODY = YES;
				CLANG_WARN_ENUM_CONVERSION = YES;
				CLANG_WARN_INFINITE_RECURSION = YES;
				CLANG_WARN_INT_CONVERSION = YES;
				CLANG_WARN_NON_LITERAL_NULL_CONVERSION = YES;
				CLANG_WARN_OBJC_IMPLICIT_RETAIN_SELF = YES;
				CLANG_WARN_OBJC_LITERAL_CONVERSION = YES;
				CLANG_WARN_OBJC_ROOT_CLASS = YES_ERROR;
				CLANG_WARN_QUOTED_INCLUDE_IN_FRAMEWORK_HEADER = YES;
				CLANG_WARN_RANGE_LOOP_ANALYSIS = YES;
				CLANG_WARN_STRICT_PROTOTYPES = YES;
				CLANG_WARN_SUSPICIOUS_MOVE = YES;
				CLANG_WARN_UNGUARDED_AVAILABILITY = YES_AGGRESSIVE;
				CLANG_WARN_UNREACHABLE_CODE = YES;
				CLANG_WARN__DUPLICATE_METHOD_MATCH = YES;
				COPY_PHASE_STRIP = NO;
				DEBUG_INFORMATION_FORMAT = "dwarf-with-dsym";
				ENABLE_NS_ASSERTIONS = NO;
				ENABLE_STRICT_OBJC_MSGSEND = YES;
				GCC_C_LANGUAGE_STANDARD = gnu11;
				GCC_NO_COMMON_BLOCKS = YES;
				GCC_WARN_64_TO_32_BIT_CONVERSION = YES;
				GCC_WARN_ABOUT_RETURN_TYPE = YES_ERROR;
				GCC_WARN_UNDECLARED_SELECTOR = YES;
				GCC_WARN_UNINITIALIZED_AUTOS = YES_AGGRESSIVE;
				GCC_WARN_UNUSED_FUNCTION = YES;
				GCC_WARN_UNUSED_VARIABLE = YES;
				IPHONEOS_DEPLOYMENT_TARGET = 15.4;
				MTL_ENABLE_DEBUG_INFO = NO;
				MTL_FAST_MATH = YES;
				SDKROOT = iphoneos;
				SWIFT_COMPILATION_MODE = wholemodule;
				SWIFT_OPTIMIZATION_LEVEL = "-O";
				VALIDATE_PRODUCT = YES;
			};
			name = Release;
		};
		C17B28EE2A0CE62800C658F1 /* Debug */ = {
			isa = XCBuildConfiguration;
			buildSettings = {
				ASSETCATALOG_COMPILER_APPICON_NAME = AppIcon;
				ASSETCATALOG_COMPILER_GLOBAL_ACCENT_COLOR_NAME = AccentColor;
				CODE_SIGN_STYLE = Automatic;
				CURRENT_PROJECT_VERSION = 1;
				DEVELOPMENT_ASSET_PATHS = "\"DinnerApp/Preview Content\"";
				DEVELOPMENT_TEAM = DB4GULVGT6;
				ENABLE_PREVIEWS = YES;
				GENERATE_INFOPLIST_FILE = YES;
				INFOPLIST_KEY_UIApplicationSceneManifest_Generation = YES;
				INFOPLIST_KEY_UIApplicationSupportsIndirectInputEvents = YES;
				INFOPLIST_KEY_UILaunchScreen_Generation = YES;
				INFOPLIST_KEY_UISupportedInterfaceOrientations_iPad = "UIInterfaceOrientationPortrait UIInterfaceOrientationPortraitUpsideDown UIInterfaceOrientationLandscapeLeft UIInterfaceOrientationLandscapeRight";
				INFOPLIST_KEY_UISupportedInterfaceOrientations_iPhone = "UIInterfaceOrientationPortrait UIInterfaceOrientationLandscapeLeft UIInterfaceOrientationLandscapeRight";
				LD_RUNPATH_SEARCH_PATHS = (
					"$(inherited)",
					"@executable_path/Frameworks",
				);
				MARKETING_VERSION = 1.0;
				PRODUCT_BUNDLE_IDENTIFIER = com.horiguchi.DinnerApp;
				PRODUCT_NAME = "$(TARGET_NAME)";
				SWIFT_EMIT_LOC_STRINGS = YES;
				SWIFT_VERSION = 5.0;
				TARGETED_DEVICE_FAMILY = "1,2";
			};
			name = Debug;
		};
		C17B28EF2A0CE62800C658F1 /* Release */ = {
			isa = XCBuildConfiguration;
			buildSettings = {
				ASSETCATALOG_COMPILER_APPICON_NAME = AppIcon;
				ASSETCATALOG_COMPILER_GLOBAL_ACCENT_COLOR_NAME = AccentColor;
				CODE_SIGN_STYLE = Automatic;
				CURRENT_PROJECT_VERSION = 1;
				DEVELOPMENT_ASSET_PATHS = "\"DinnerApp/Preview Content\"";
				DEVELOPMENT_TEAM = DB4GULVGT6;
				ENABLE_PREVIEWS = YES;
				GENERATE_INFOPLIST_FILE = YES;
				INFOPLIST_KEY_UIApplicationSceneManifest_Generation = YES;
				INFOPLIST_KEY_UIApplicationSupportsIndirectInputEvents = YES;
				INFOPLIST_KEY_UILaunchScreen_Generation = YES;
				INFOPLIST_KEY_UISupportedInterfaceOrientations_iPad = "UIInterfaceOrientationPortrait UIInterfaceOrientationPortraitUpsideDown UIInterfaceOrientationLandscapeLeft UIInterfaceOrientationLandscapeRight";
				INFOPLIST_KEY_UISupportedInterfaceOrientations_iPhone = "UIInterfaceOrientationPortrait UIInterfaceOrientationLandscapeLeft UIInterfaceOrientationLandscapeRight";
				LD_RUNPATH_SEARCH_PATHS = (
					"$(inherited)",
					"@executable_path/Frameworks",
				);
				MARKETING_VERSION = 1.0;
				PRODUCT_BUNDLE_IDENTIFIER = com.horiguchi.DinnerApp;
				PRODUCT_NAME = "$(TARGET_NAME)";
				SWIFT_EMIT_LOC_STRINGS = YES;
				SWIFT_VERSION = 5.0;
				TARGETED_DEVICE_FAMILY = "1,2";
			};
			name = Release;
		};
		C17B28F12A0CE62800C658F1 /* Debug */ = {
			isa = XCBuildConfiguration;
			buildSettings = {
				ALWAYS_EMBED_SWIFT_STANDARD_LIBRARIES = YES;
				BUNDLE_LOADER = "$(TEST_HOST)";
				CODE_SIGN_STYLE = Automatic;
				CURRENT_PROJECT_VERSION = 1;
				DEVELOPMENT_TEAM = DB4GULVGT6;
				GENERATE_INFOPLIST_FILE = YES;
				IPHONEOS_DEPLOYMENT_TARGET = 15.4;
				MARKETING_VERSION = 1.0;
				PRODUCT_BUNDLE_IDENTIFIER = com.horiguchi.DinnerAppTests;
				PRODUCT_NAME = "$(TARGET_NAME)";
				SWIFT_EMIT_LOC_STRINGS = NO;
				SWIFT_VERSION = 5.0;
				TARGETED_DEVICE_FAMILY = "1,2";
				TEST_HOST = "$(BUILT_PRODUCTS_DIR)/DinnerApp.app/DinnerApp";
			};
			name = Debug;
		};
		C17B28F22A0CE62800C658F1 /* Release */ = {
			isa = XCBuildConfiguration;
			buildSettings = {
				ALWAYS_EMBED_SWIFT_STANDARD_LIBRARIES = YES;
				BUNDLE_LOADER = "$(TEST_HOST)";
				CODE_SIGN_STYLE = Automatic;
				CURRENT_PROJECT_VERSION = 1;
				DEVELOPMENT_TEAM = DB4GULVGT6;
				GENERATE_INFOPLIST_FILE = YES;
				IPHONEOS_DEPLOYMENT_TARGET = 15.4;
				MARKETING_VERSION = 1.0;
				PRODUCT_BUNDLE_IDENTIFIER = com.horiguchi.DinnerAppTests;
				PRODUCT_NAME = "$(TARGET_NAME)";
				SWIFT_EMIT_LOC_STRINGS = NO;
				SWIFT_VERSION = 5.0;
				TARGETED_DEVICE_FAMILY = "1,2";
				TEST_HOST = "$(BUILT_PRODUCTS_DIR)/DinnerApp.app/DinnerApp";
			};
			name = Release;
		};
		C17B28F42A0CE62800C658F1 /* Debug */ = {
			isa = XCBuildConfiguration;
			buildSettings = {
				ALWAYS_EMBED_SWIFT_STANDARD_LIBRARIES = YES;
				CODE_SIGN_STYLE = Automatic;
				CURRENT_PROJECT_VERSION = 1;
				DEVELOPMENT_TEAM = DB4GULVGT6;
				GENERATE_INFOPLIST_FILE = YES;
				MARKETING_VERSION = 1.0;
				PRODUCT_BUNDLE_IDENTIFIER = com.horiguchi.DinnerAppUITests;
				PRODUCT_NAME = "$(TARGET_NAME)";
				SWIFT_EMIT_LOC_STRINGS = NO;
				SWIFT_VERSION = 5.0;
				TARGETED_DEVICE_FAMILY = "1,2";
				TEST_TARGET_NAME = DinnerApp;
			};
			name = Debug;
		};
		C17B28F52A0CE62800C658F1 /* Release */ = {
			isa = XCBuildConfiguration;
			buildSettings = {
				ALWAYS_EMBED_SWIFT_STANDARD_LIBRARIES = YES;
				CODE_SIGN_STYLE = Automatic;
				CURRENT_PROJECT_VERSION = 1;
				DEVELOPMENT_TEAM = DB4GULVGT6;
				GENERATE_INFOPLIST_FILE = YES;
				MARKETING_VERSION = 1.0;
				PRODUCT_BUNDLE_IDENTIFIER = com.horiguchi.DinnerAppUITests;
				PRODUCT_NAME = "$(TARGET_NAME)";
				SWIFT_EMIT_LOC_STRINGS = NO;
				SWIFT_VERSION = 5.0;
				TARGETED_DEVICE_FAMILY = "1,2";
				TEST_TARGET_NAME = DinnerApp;
			};
			name = Release;
		};
/* End XCBuildConfiguration section */

/* Begin XCConfigurationList section */
		C17B28C42A0CE62300C658F1 /* Build configuration list for PBXProject "DinnerApp" */ = {
			isa = XCConfigurationList;
			buildConfigurations = (
				C17B28EB2A0CE62800C658F1 /* Debug */,
				C17B28EC2A0CE62800C658F1 /* Release */,
			);
			defaultConfigurationIsVisible = 0;
			defaultConfigurationName = Release;
		};
		C17B28ED2A0CE62800C658F1 /* Build configuration list for PBXNativeTarget "DinnerApp" */ = {
			isa = XCConfigurationList;
			buildConfigurations = (
				C17B28EE2A0CE62800C658F1 /* Debug */,
				C17B28EF2A0CE62800C658F1 /* Release */,
			);
			defaultConfigurationIsVisible = 0;
			defaultConfigurationName = Release;
		};
		C17B28F02A0CE62800C658F1 /* Build configuration list for PBXNativeTarget "DinnerAppTests" */ = {
			isa = XCConfigurationList;
			buildConfigurations = (
				C17B28F12A0CE62800C658F1 /* Debug */,
				C17B28F22A0CE62800C658F1 /* Release */,
			);
			defaultConfigurationIsVisible = 0;
			defaultConfigurationName = Release;
		};
		C17B28F32A0CE62800C658F1 /* Build configuration list for PBXNativeTarget "DinnerAppUITests" */ = {
			isa = XCConfigurationList;
			buildConfigurations = (
				C17B28F42A0CE62800C658F1 /* Debug */,
				C17B28F52A0CE62800C658F1 /* Release */,
			);
			defaultConfigurationIsVisible = 0;
			defaultConfigurationName = Release;
		};
/* End XCConfigurationList section */
	};
	rootObject = C17B28C12A0CE62300C658F1 /* Project object */;
}
